// !$*UTF8*$!
{
	archiveVersion = 1;
	classes = {
	};
	objectVersion = 55;
	objects = {

/* Begin PBXBuildFile section */
		2AC6C34A27A33B62007652F5 /* AppDelegate.swift in Sources */ = {isa = PBXBuildFile; fileRef = 2AC6C34927A33B62007652F5 /* AppDelegate.swift */; };
		2AC6C34C27A33B62007652F5 /* SceneDelegate.swift in Sources */ = {isa = PBXBuildFile; fileRef = 2AC6C34B27A33B62007652F5 /* SceneDelegate.swift */; };
		2AC6C34E27A33B62007652F5 /* ViewController.swift in Sources */ = {isa = PBXBuildFile; fileRef = 2AC6C34D27A33B62007652F5 /* ViewController.swift */; };
		2AC6C35127A33B62007652F5 /* Main.storyboard in Resources */ = {isa = PBXBuildFile; fileRef = 2AC6C34F27A33B62007652F5 /* Main.storyboard */; };
		2AC6C35327A33B63007652F5 /* Assets.xcassets in Resources */ = {isa = PBXBuildFile; fileRef = 2AC6C35227A33B63007652F5 /* Assets.xcassets */; };
		2AC6C35627A33B63007652F5 /* LaunchScreen.storyboard in Resources */ = {isa = PBXBuildFile; fileRef = 2AC6C35427A33B63007652F5 /* LaunchScreen.storyboard */; };
		2AC6C36127A33B64007652F5 /* SampleCalculatorTests.swift in Sources */ = {isa = PBXBuildFile; fileRef = 2AC6C36027A33B64007652F5 /* SampleCalculatorTests.swift */; };
		2AC6C36B27A33B64007652F5 /* SampleCalculatorUITests.swift in Sources */ = {isa = PBXBuildFile; fileRef = 2AC6C36A27A33B64007652F5 /* SampleCalculatorUITests.swift */; };
		2AC6C36D27A33B64007652F5 /* SampleCalculatorUITestsLaunchTests.swift in Sources */ = {isa = PBXBuildFile; fileRef = 2AC6C36C27A33B64007652F5 /* SampleCalculatorUITestsLaunchTests.swift */; };
/* End PBXBuildFile section */

/* Begin PBXContainerItemProxy section */
		2AC6C35D27A33B64007652F5 /* PBXContainerItemProxy */ = {
			isa = PBXContainerItemProxy;
			containerPortal = 2AC6C33E27A33B62007652F5 /* Project object */;
			proxyType = 1;
			remoteGlobalIDString = 2AC6C34527A33B62007652F5;
			remoteInfo = SampleCalculator;
		};
		2AC6C36727A33B64007652F5 /* PBXContainerItemProxy */ = {
			isa = PBXContainerItemProxy;
			containerPortal = 2AC6C33E27A33B62007652F5 /* Project object */;
			proxyType = 1;
			remoteGlobalIDString = 2AC6C34527A33B62007652F5;
			remoteInfo = SampleCalculator;
		};
/* End PBXContainerItemProxy section */

/* Begin PBXFileReference section */
		2AC6C34627A33B62007652F5 /* SampleCalculator.app */ = {isa = PBXFileReference; explicitFileType = wrapper.application; includeInIndex = 0; path = SampleCalculator.app; sourceTree = BUILT_PRODUCTS_DIR; };
		2AC6C34927A33B62007652F5 /* AppDelegate.swift */ = {isa = PBXFileReference; lastKnownFileType = sourcecode.swift; path = AppDelegate.swift; sourceTree = "<group>"; };
		2AC6C34B27A33B62007652F5 /* SceneDelegate.swift */ = {isa = PBXFileReference; lastKnownFileType = sourcecode.swift; path = SceneDelegate.swift; sourceTree = "<group>"; };
		2AC6C34D27A33B62007652F5 /* ViewController.swift */ = {isa = PBXFileReference; lastKnownFileType = sourcecode.swift; path = ViewController.swift; sourceTree = "<group>"; };
		2AC6C35027A33B62007652F5 /* Base */ = {isa = PBXFileReference; lastKnownFileType = file.storyboard; name = Base; path = Base.lproj/Main.storyboard; sourceTree = "<group>"; };
		2AC6C35227A33B63007652F5 /* Assets.xcassets */ = {isa = PBXFileReference; lastKnownFileType = folder.assetcatalog; path = Assets.xcassets; sourceTree = "<group>"; };
		2AC6C35527A33B63007652F5 /* Base */ = {isa = PBXFileReference; lastKnownFileType = file.storyboard; name = Base; path = Base.lproj/LaunchScreen.storyboard; sourceTree = "<group>"; };
		2AC6C35727A33B63007652F5 /* Info.plist */ = {isa = PBXFileReference; lastKnownFileType = text.plist.xml; path = Info.plist; sourceTree = "<group>"; };
		2AC6C35C27A33B64007652F5 /* SampleCalculatorTests.xctest */ = {isa = PBXFileReference; explicitFileType = wrapper.cfbundle; includeInIndex = 0; path = SampleCalculatorTests.xctest; sourceTree = BUILT_PRODUCTS_DIR; };
		2AC6C36027A33B64007652F5 /* SampleCalculatorTests.swift */ = {isa = PBXFileReference; lastKnownFileType = sourcecode.swift; path = SampleCalculatorTests.swift; sourceTree = "<group>"; };
		2AC6C36627A33B64007652F5 /* SampleCalculatorUITests.xctest */ = {isa = PBXFileReference; explicitFileType = wrapper.cfbundle; includeInIndex = 0; path = SampleCalculatorUITests.xctest; sourceTree = BUILT_PRODUCTS_DIR; };
		2AC6C36A27A33B64007652F5 /* SampleCalculatorUITests.swift */ = {isa = PBXFileReference; lastKnownFileType = sourcecode.swift; path = SampleCalculatorUITests.swift; sourceTree = "<group>"; };
		2AC6C36C27A33B64007652F5 /* SampleCalculatorUITestsLaunchTests.swift */ = {isa = PBXFileReference; lastKnownFileType = sourcecode.swift; path = SampleCalculatorUITestsLaunchTests.swift; sourceTree = "<group>"; };
/* End PBXFileReference section */

/* Begin PBXFrameworksBuildPhase section */
		2AC6C34327A33B62007652F5 /* Frameworks */ = {
			isa = PBXFrameworksBuildPhase;
			buildActionMask = 2147483647;
			files = (
			);
			runOnlyForDeploymentPostprocessing = 0;
		};
		2AC6C35927A33B64007652F5 /* Frameworks */ = {
			isa = PBXFrameworksBuildPhase;
			buildActionMask = 2147483647;
			files = (
			);
			runOnlyForDeploymentPostprocessing = 0;
		};
		2AC6C36327A33B64007652F5 /* Frameworks */ = {
			isa = PBXFrameworksBuildPhase;
			buildActionMask = 2147483647;
			files = (
			);
			runOnlyForDeploymentPostprocessing = 0;
		};
/* End PBXFrameworksBuildPhase section */

/* Begin PBXGroup section */
		2AC6C33D27A33B62007652F5 = {
			isa = PBXGroup;
			children = (
				2AC6C34827A33B62007652F5 /* SampleCalculator */,
				2AC6C35F27A33B64007652F5 /* SampleCalculatorTests */,
				2AC6C36927A33B64007652F5 /* SampleCalculatorUITests */,
				2AC6C34727A33B62007652F5 /* Products */,
			);
			sourceTree = "<group>";
		};
		2AC6C34727A33B62007652F5 /* Products */ = {
			isa = PBXGroup;
			children = (
				2AC6C34627A33B62007652F5 /* SampleCalculator.app */,
				2AC6C35C27A33B64007652F5 /* SampleCalculatorTests.xctest */,
				2AC6C36627A33B64007652F5 /* SampleCalculatorUITests.xctest */,
			);
			name = Products;
			sourceTree = "<group>";
		};
		2AC6C34827A33B62007652F5 /* SampleCalculator */ = {
			isa = PBXGroup;
			children = (
				2AC6C34927A33B62007652F5 /* AppDelegate.swift */,
				2AC6C34B27A33B62007652F5 /* SceneDelegate.swift */,
				2AC6C34D27A33B62007652F5 /* ViewController.swift */,
				2AC6C34F27A33B62007652F5 /* Main.storyboard */,
				2AC6C35227A33B63007652F5 /* Assets.xcassets */,
				2AC6C35427A33B63007652F5 /* LaunchScreen.storyboard */,
				2AC6C35727A33B63007652F5 /* Info.plist */,
			);
			path = SampleCalculator;
			sourceTree = "<group>";
		};
		2AC6C35F27A33B64007652F5 /* SampleCalculatorTests */ = {
			isa = PBXGroup;
			children = (
				2AC6C36027A33B64007652F5 /* SampleCalculatorTests.swift */,
			);
			path = SampleCalculatorTests;
			sourceTree = "<group>";
		};
		2AC6C36927A33B64007652F5 /* SampleCalculatorUITests */ = {
			isa = PBXGroup;
			children = (
				2AC6C36A27A33B64007652F5 /* SampleCalculatorUITests.swift */,
				2AC6C36C27A33B64007652F5 /* SampleCalculatorUITestsLaunchTests.swift */,
			);
			path = SampleCalculatorUITests;
			sourceTree = "<group>";
		};
/* End PBXGroup section */

/* Begin PBXNativeTarget section */
		2AC6C34527A33B62007652F5 /* SampleCalculator */ = {
			isa = PBXNativeTarget;
			buildConfigurationList = 2AC6C37027A33B64007652F5 /* Build configuration list for PBXNativeTarget "SampleCalculator" */;
			buildPhases = (
				2AC6C34227A33B62007652F5 /* Sources */,
				2AC6C34327A33B62007652F5 /* Frameworks */,
				2AC6C34427A33B62007652F5 /* Resources */,
			);
			buildRules = (
			);
			dependencies = (
			);
			name = SampleCalculator;
			productName = SampleCalculator;
			productReference = 2AC6C34627A33B62007652F5 /* SampleCalculator.app */;
			productType = "com.apple.product-type.application";
		};
		2AC6C35B27A33B64007652F5 /* SampleCalculatorTests */ = {
			isa = PBXNativeTarget;
			buildConfigurationList = 2AC6C37327A33B64007652F5 /* Build configuration list for PBXNativeTarget "SampleCalculatorTests" */;
			buildPhases = (
				2AC6C35827A33B64007652F5 /* Sources */,
				2AC6C35927A33B64007652F5 /* Frameworks */,
				2AC6C35A27A33B64007652F5 /* Resources */,
			);
			buildRules = (
			);
			dependencies = (
				2AC6C35E27A33B64007652F5 /* PBXTargetDependency */,
			);
			name = SampleCalculatorTests;
			productName = SampleCalculatorTests;
			productReference = 2AC6C35C27A33B64007652F5 /* SampleCalculatorTests.xctest */;
			productType = "com.apple.product-type.bundle.unit-test";
		};
		2AC6C36527A33B64007652F5 /* SampleCalculatorUITests */ = {
			isa = PBXNativeTarget;
			buildConfigurationList = 2AC6C37627A33B64007652F5 /* Build configuration list for PBXNativeTarget "SampleCalculatorUITests" */;
			buildPhases = (
				2AC6C36227A33B64007652F5 /* Sources */,
				2AC6C36327A33B64007652F5 /* Frameworks */,
				2AC6C36427A33B64007652F5 /* Resources */,
			);
			buildRules = (
			);
			dependencies = (
				2AC6C36827A33B64007652F5 /* PBXTargetDependency */,
			);
			name = SampleCalculatorUITests;
			productName = SampleCalculatorUITests;
			productReference = 2AC6C36627A33B64007652F5 /* SampleCalculatorUITests.xctest */;
			productType = "com.apple.product-type.bundle.ui-testing";
		};
/* End PBXNativeTarget section */

/* Begin PBXProject section */
		2AC6C33E27A33B62007652F5 /* Project object */ = {
			isa = PBXProject;
			attributes = {
				BuildIndependentTargetsInParallel = 1;
				LastSwiftUpdateCheck = 1320;
				LastUpgradeCheck = 1320;
				TargetAttributes = {
					2AC6C34527A33B62007652F5 = {
						CreatedOnToolsVersion = 13.2.1;
					};
					2AC6C35B27A33B64007652F5 = {
						CreatedOnToolsVersion = 13.2.1;
						TestTargetID = 2AC6C34527A33B62007652F5;
					};
					2AC6C36527A33B64007652F5 = {
						CreatedOnToolsVersion = 13.2.1;
						TestTargetID = 2AC6C34527A33B62007652F5;
					};
				};
			};
			buildConfigurationList = 2AC6C34127A33B62007652F5 /* Build configuration list for PBXProject "SampleCalculator" */;
			compatibilityVersion = "Xcode 13.0";
			developmentRegion = en;
			hasScannedForEncodings = 0;
			knownRegions = (
				en,
				Base,
			);
			mainGroup = 2AC6C33D27A33B62007652F5;
			productRefGroup = 2AC6C34727A33B62007652F5 /* Products */;
			projectDirPath = "";
			projectRoot = "";
			targets = (
				2AC6C34527A33B62007652F5 /* SampleCalculator */,
				2AC6C35B27A33B64007652F5 /* SampleCalculatorTests */,
				2AC6C36527A33B64007652F5 /* SampleCalculatorUITests */,
			);
		};
/* End PBXProject section */

/* Begin PBXResourcesBuildPhase section */
		2AC6C34427A33B62007652F5 /* Resources */ = {
			isa = PBXResourcesBuildPhase;
			buildActionMask = 2147483647;
			files = (
				2AC6C35627A33B63007652F5 /* LaunchScreen.storyboard in Resources */,
				2AC6C35327A33B63007652F5 /* Assets.xcassets in Resources */,
				2AC6C35127A33B62007652F5 /* Main.storyboard in Resources */,
			);
			runOnlyForDeploymentPostprocessing = 0;
		};
		2AC6C35A27A33B64007652F5 /* Resources */ = {
			isa = PBXResourcesBuildPhase;
			buildActionMask = 2147483647;
			files = (
			);
			runOnlyForDeploymentPostprocessing = 0;
		};
		2AC6C36427A33B64007652F5 /* Resources */ = {
			isa = PBXResourcesBuildPhase;
			buildActionMask = 2147483647;
			files = (
			);
			runOnlyForDeploymentPostprocessing = 0;
		};
/* End PBXResourcesBuildPhase section */

/* Begin PBXSourcesBuildPhase section */
		2AC6C34227A33B62007652F5 /* Sources */ = {
			isa = PBXSourcesBuildPhase;
			buildActionMask = 2147483647;
			files = (
				2AC6C34E27A33B62007652F5 /* ViewController.swift in Sources */,
				2AC6C34A27A33B62007652F5 /* AppDelegate.swift in Sources */,
				2AC6C34C27A33B62007652F5 /* SceneDelegate.swift in Sources */,
			);
			runOnlyForDeploymentPostprocessing = 0;
		};
		2AC6C35827A33B64007652F5 /* Sources */ = {
			isa = PBXSourcesBuildPhase;
			buildActionMask = 2147483647;
			files = (
				2AC6C36127A33B64007652F5 /* SampleCalculatorTests.swift in Sources */,
			);
			runOnlyForDeploymentPostprocessing = 0;
		};
		2AC6C36227A33B64007652F5 /* Sources */ = {
			isa = PBXSourcesBuildPhase;
			buildActionMask = 2147483647;
			files = (
				2AC6C36D27A33B64007652F5 /* SampleCalculatorUITestsLaunchTests.swift in Sources */,
				2AC6C36B27A33B64007652F5 /* SampleCalculatorUITests.swift in Sources */,
			);
			runOnlyForDeploymentPostprocessing = 0;
		};
/* End PBXSourcesBuildPhase section */

/* Begin PBXTargetDependency section */
		2AC6C35E27A33B64007652F5 /* PBXTargetDependency */ = {
			isa = PBXTargetDependency;
			target = 2AC6C34527A33B62007652F5 /* SampleCalculator */;
			targetProxy = 2AC6C35D27A33B64007652F5 /* PBXContainerItemProxy */;
		};
		2AC6C36827A33B64007652F5 /* PBXTargetDependency */ = {
			isa = PBXTargetDependency;
			target = 2AC6C34527A33B62007652F5 /* SampleCalculator */;
			targetProxy = 2AC6C36727A33B64007652F5 /* PBXContainerItemProxy */;
		};
/* End PBXTargetDependency section */

/* Begin PBXVariantGroup section */
		2AC6C34F27A33B62007652F5 /* Main.storyboard */ = {
			isa = PBXVariantGroup;
			children = (
				2AC6C35027A33B62007652F5 /* Base */,
			);
			name = Main.storyboard;
			sourceTree = "<group>";
		};
		2AC6C35427A33B63007652F5 /* LaunchScreen.storyboard */ = {
			isa = PBXVariantGroup;
			children = (
				2AC6C35527A33B63007652F5 /* Base */,
			);
			name = LaunchScreen.storyboard;
			sourceTree = "<group>";
		};
/* End PBXVariantGroup section */

/* Begin XCBuildConfiguration section */
		2AC6C36E27A33B64007652F5 /* Debug */ = {
			isa = XCBuildConfiguration;
			buildSettings = {
				ALWAYS_SEARCH_USER_PATHS = NO;
				CLANG_ANALYZER_NONNULL = YES;
				CLANG_ANALYZER_NUMBER_OBJECT_CONVERSION = YES_AGGRESSIVE;
				CLANG_CXX_LANGUAGE_STANDARD = "gnu++17";
				CLANG_CXX_LIBRARY = "libc++";
				CLANG_ENABLE_MODULES = YES;
				CLANG_ENABLE_OBJC_ARC = YES;
				CLANG_ENABLE_OBJC_WEAK = YES;
				CLANG_WARN_BLOCK_CAPTURE_AUTORELEASING = YES;
				CLANG_WARN_BOOL_CONVERSION = YES;
				CLANG_WARN_COMMA = YES;
				CLANG_WARN_CONSTANT_CONVERSION = YES;
				CLANG_WARN_DEPRECATED_OBJC_IMPLEMENTATIONS = YES;
				CLANG_WARN_DIRECT_OBJC_ISA_USAGE = YES_ERROR;
				CLANG_WARN_DOCUMENTATION_COMMENTS = YES;
				CLANG_WARN_EMPTY_BODY = YES;
				CLANG_WARN_ENUM_CONVERSION = YES;
				CLANG_WARN_INFINITE_RECURSION = YES;
				CLANG_WARN_INT_CONVERSION = YES;
				CLANG_WARN_NON_LITERAL_NULL_CONVERSION = YES;
				CLANG_WARN_OBJC_IMPLICIT_RETAIN_SELF = YES;
				CLANG_WARN_OBJC_LITERAL_CONVERSION = YES;
				CLANG_WARN_OBJC_ROOT_CLASS = YES_ERROR;
				CLANG_WARN_QUOTED_INCLUDE_IN_FRAMEWORK_HEADER = YES;
				CLANG_WARN_RANGE_LOOP_ANALYSIS = YES;
				CLANG_WARN_STRICT_PROTOTYPES = YES;
				CLANG_WARN_SUSPICIOUS_MOVE = YES;
				CLANG_WARN_UNGUARDED_AVAILABILITY = YES_AGGRESSIVE;
				CLANG_WARN_UNREACHABLE_CODE = YES;
				CLANG_WARN__DUPLICATE_METHOD_MATCH = YES;
				COPY_PHASE_STRIP = NO;
				DEBUG_INFORMATION_FORMAT = dwarf;
				ENABLE_STRICT_OBJC_MSGSEND = YES;
				ENABLE_TESTABILITY = YES;
				GCC_C_LANGUAGE_STANDARD = gnu11;
				GCC_DYNAMIC_NO_PIC = NO;
				GCC_NO_COMMON_BLOCKS = YES;
				GCC_OPTIMIZATION_LEVEL = 0;
				GCC_PREPROCESSOR_DEFINITIONS = (
					"DEBUG=1",
					"$(inherited)",
				);
				GCC_WARN_64_TO_32_BIT_CONVERSION = YES;
				GCC_WARN_ABOUT_RETURN_TYPE = YES_ERROR;
				GCC_WARN_UNDECLARED_SELECTOR = YES;
				GCC_WARN_UNINITIALIZED_AUTOS = YES_AGGRESSIVE;
				GCC_WARN_UNUSED_FUNCTION = YES;
				GCC_WARN_UNUSED_VARIABLE = YES;
				IPHONEOS_DEPLOYMENT_TARGET = 15.2;
				MTL_ENABLE_DEBUG_INFO = INCLUDE_SOURCE;
				MTL_FAST_MATH = YES;
				ONLY_ACTIVE_ARCH = YES;
				SDKROOT = iphoneos;
				SWIFT_ACTIVE_COMPILATION_CONDITIONS = DEBUG;
				SWIFT_OPTIMIZATION_LEVEL = "-Onone";
			};
			name = Debug;
		};
		2AC6C36F27A33B64007652F5 /* Release */ = {
			isa = XCBuildConfiguration;
			buildSettings = {
				ALWAYS_SEARCH_USER_PATHS = NO;
				CLANG_ANALYZER_NONNULL = YES;
				CLANG_ANALYZER_NUMBER_OBJECT_CONVERSION = YES_AGGRESSIVE;
				CLANG_CXX_LANGUAGE_STANDARD = "gnu++17";
				CLANG_CXX_LIBRARY = "libc++";
				CLANG_ENABLE_MODULES = YES;
				CLANG_ENABLE_OBJC_ARC = YES;
				CLANG_ENABLE_OBJC_WEAK = YES;
				CLANG_WARN_BLOCK_CAPTURE_AUTORELEASING = YES;
				CLANG_WARN_BOOL_CONVERSION = YES;
				CLANG_WARN_COMMA = YES;
				CLANG_WARN_CONSTANT_CONVERSION = YES;
				CLANG_WARN_DEPRECATED_OBJC_IMPLEMENTATIONS = YES;
				CLANG_WARN_DIRECT_OBJC_ISA_USAGE = YES_ERROR;
				CLANG_WARN_DOCUMENTATION_COMMENTS = YES;
				CLANG_WARN_EMPTY_BODY = YES;
				CLANG_WARN_ENUM_CONVERSION = YES;
				CLANG_WARN_INFINITE_RECURSION = YES;
				CLANG_WARN_INT_CONVERSION = YES;
				CLANG_WARN_NON_LITERAL_NULL_CONVERSION = YES;
				CLANG_WARN_OBJC_IMPLICIT_RETAIN_SELF = YES;
				CLANG_WARN_OBJC_LITERAL_CONVERSION = YES;
				CLANG_WARN_OBJC_ROOT_CLASS = YES_ERROR;
				CLANG_WARN_QUOTED_INCLUDE_IN_FRAMEWORK_HEADER = YES;
				CLANG_WARN_RANGE_LOOP_ANALYSIS = YES;
				CLANG_WARN_STRICT_PROTOTYPES = YES;
				CLANG_WARN_SUSPICIOUS_MOVE = YES;
				CLANG_WARN_UNGUARDED_AVAILABILITY = YES_AGGRESSIVE;
				CLANG_WARN_UNREACHABLE_CODE = YES;
				CLANG_WARN__DUPLICATE_METHOD_MATCH = YES;
				COPY_PHASE_STRIP = NO;
				DEBUG_INFORMATION_FORMAT = "dwarf-with-dsym";
				ENABLE_NS_ASSERTIONS = NO;
				ENABLE_STRICT_OBJC_MSGSEND = YES;
				GCC_C_LANGUAGE_STANDARD = gnu11;
				GCC_NO_COMMON_BLOCKS = YES;
				GCC_WARN_64_TO_32_BIT_CONVERSION = YES;
				GCC_WARN_ABOUT_RETURN_TYPE = YES_ERROR;
				GCC_WARN_UNDECLARED_SELECTOR = YES;
				GCC_WARN_UNINITIALIZED_AUTOS = YES_AGGRESSIVE;
				GCC_WARN_UNUSED_FUNCTION = YES;
				GCC_WARN_UNUSED_VARIABLE = YES;
				IPHONEOS_DEPLOYMENT_TARGET = 15.2;
				MTL_ENABLE_DEBUG_INFO = NO;
				MTL_FAST_MATH = YES;
				SDKROOT = iphoneos;
				SWIFT_COMPILATION_MODE = wholemodule;
				SWIFT_OPTIMIZATION_LEVEL = "-O";
				VALIDATE_PRODUCT = YES;
			};
			name = Release;
		};
		2AC6C37127A33B64007652F5 /* Debug */ = {
			isa = XCBuildConfiguration;
			buildSettings = {
				ASSETCATALOG_COMPILER_APPICON_NAME = AppIcon;
				ASSETCATALOG_COMPILER_GLOBAL_ACCENT_COLOR_NAME = AccentColor;
				CODE_SIGN_STYLE = Automatic;
				CURRENT_PROJECT_VERSION = 1;
				GENERATE_INFOPLIST_FILE = YES;
				INFOPLIST_FILE = SampleCalculator/Info.plist;
				INFOPLIST_KEY_UIApplicationSupportsIndirectInputEvents = YES;
				INFOPLIST_KEY_UILaunchStoryboardName = LaunchScreen;
				INFOPLIST_KEY_UIMainStoryboardFile = Main;
				INFOPLIST_KEY_UISupportedInterfaceOrientations_iPad = "UIInterfaceOrientationPortrait UIInterfaceOrientationPortraitUpsideDown UIInterfaceOrientationLandscapeLeft UIInterfaceOrientationLandscapeRight";
				INFOPLIST_KEY_UISupportedInterfaceOrientations_iPhone = "UIInterfaceOrientationPortrait UIInterfaceOrientationLandscapeLeft UIInterfaceOrientationLandscapeRight";
				LD_RUNPATH_SEARCH_PATHS = (
					"$(inherited)",
					"@executable_path/Frameworks",
				);
				MARKETING_VERSION = 1.0;
				PRODUCT_BUNDLE_IDENTIFIER = NWMSU.SampleCalculator;
				PRODUCT_NAME = "$(TARGET_NAME)";
				SWIFT_EMIT_LOC_STRINGS = YES;
				SWIFT_VERSION = 5.0;
				TARGETED_DEVICE_FAMILY = "1,2";
			};
			name = Debug;
		};
		2AC6C37227A33B64007652F5 /* Release */ = {
			isa = XCBuildConfiguration;
			buildSettings = {
				ASSETCATALOG_COMPILER_APPICON_NAME = AppIcon;
				ASSETCATALOG_COMPILER_GLOBAL_ACCENT_COLOR_NAME = AccentColor;
				CODE_SIGN_STYLE = Automatic;
				CURRENT_PROJECT_VERSION = 1;
				GENERATE_INFOPLIST_FILE = YES;
				INFOPLIST_FILE = SampleCalculator/Info.plist;
				INFOPLIST_KEY_UIApplicationSupportsIndirectInputEvents = YES;
				INFOPLIST_KEY_UILaunchStoryboardName = LaunchScreen;
				INFOPLIST_KEY_UIMainStoryboardFile = Main;
				INFOPLIST_KEY_UISupportedInterfaceOrientations_iPad = "UIInterfaceOrientationPortrait UIInterfaceOrientationPortraitUpsideDown UIInterfaceOrientationLandscapeLeft UIInterfaceOrientationLandscapeRight";
				INFOPLIST_KEY_UISupportedInterfaceOrientations_iPhone = "UIInterfaceOrientationPortrait UIInterfaceOrientationLandscapeLeft UIInterfaceOrientationLandscapeRight";
				LD_RUNPATH_SEARCH_PATHS = (
					"$(inherited)",
					"@executable_path/Frameworks",
				);
				MARKETING_VERSION = 1.0;
				PRODUCT_BUNDLE_IDENTIFIER = NWMSU.SampleCalculator;
				PRODUCT_NAME = "$(TARGET_NAME)";
				SWIFT_EMIT_LOC_STRINGS = YES;
				SWIFT_VERSION = 5.0;
				TARGETED_DEVICE_FAMILY = "1,2";
			};
			name = Release;
		};
		2AC6C37427A33B64007652F5 /* Debug */ = {
			isa = XCBuildConfiguration;
			buildSettings = {
				ALWAYS_EMBED_SWIFT_STANDARD_LIBRARIES = YES;
				BUNDLE_LOADER = "$(TEST_HOST)";
				CODE_SIGN_STYLE = Automatic;
				CURRENT_PROJECT_VERSION = 1;
				GENERATE_INFOPLIST_FILE = YES;
				IPHONEOS_DEPLOYMENT_TARGET = 15.2;
				MARKETING_VERSION = 1.0;
				PRODUCT_BUNDLE_IDENTIFIER = NWMSU.SampleCalculatorTests;
				PRODUCT_NAME = "$(TARGET_NAME)";
				SWIFT_EMIT_LOC_STRINGS = NO;
				SWIFT_VERSION = 5.0;
				TARGETED_DEVICE_FAMILY = "1,2";
				TEST_HOST = "$(BUILT_PRODUCTS_DIR)/SampleCalculator.app/SampleCalculator";
			};
			name = Debug;
		};
		2AC6C37527A33B64007652F5 /* Release */ = {
			isa = XCBuildConfiguration;
			buildSettings = {
				ALWAYS_EMBED_SWIFT_STANDARD_LIBRARIES = YES;
				BUNDLE_LOADER = "$(TEST_HOST)";
				CODE_SIGN_STYLE = Automatic;
				CURRENT_PROJECT_VERSION = 1;
				GENERATE_INFOPLIST_FILE = YES;
				IPHONEOS_DEPLOYMENT_TARGET = 15.2;
				MARKETING_VERSION = 1.0;
				PRODUCT_BUNDLE_IDENTIFIER = NWMSU.SampleCalculatorTests;
				PRODUCT_NAME = "$(TARGET_NAME)";
				SWIFT_EMIT_LOC_STRINGS = NO;
				SWIFT_VERSION = 5.0;
				TARGETED_DEVICE_FAMILY = "1,2";
				TEST_HOST = "$(BUILT_PRODUCTS_DIR)/SampleCalculator.app/SampleCalculator";
			};
			name = Release;
		};
		2AC6C37727A33B64007652F5 /* Debug */ = {
			isa = XCBuildConfiguration;
			buildSettings = {
				ALWAYS_EMBED_SWIFT_STANDARD_LIBRARIES = YES;
				CODE_SIGN_STYLE = Automatic;
				CURRENT_PROJECT_VERSION = 1;
				GENERATE_INFOPLIST_FILE = YES;
				MARKETING_VERSION = 1.0;
				PRODUCT_BUNDLE_IDENTIFIER = NWMSU.SampleCalculatorUITests;
				PRODUCT_NAME = "$(TARGET_NAME)";
				SWIFT_EMIT_LOC_STRINGS = NO;
				SWIFT_VERSION = 5.0;
				TARGETED_DEVICE_FAMILY = "1,2";
				TEST_TARGET_NAME = SampleCalculator;
			};
			name = Debug;
		};
		2AC6C37827A33B64007652F5 /* Release */ = {
			isa = XCBuildConfiguration;
			buildSettings = {
				ALWAYS_EMBED_SWIFT_STANDARD_LIBRARIES = YES;
				CODE_SIGN_STYLE = Automatic;
				CURRENT_PROJECT_VERSION = 1;
				GENERATE_INFOPLIST_FILE = YES;
				MARKETING_VERSION = 1.0;
				PRODUCT_BUNDLE_IDENTIFIER = NWMSU.SampleCalculatorUITests;
				PRODUCT_NAME = "$(TARGET_NAME)";
				SWIFT_EMIT_LOC_STRINGS = NO;
				SWIFT_VERSION = 5.0;
				TARGETED_DEVICE_FAMILY = "1,2";
				TEST_TARGET_NAME = SampleCalculator;
			};
			name = Release;
		};
/* End XCBuildConfiguration section */

/* Begin XCConfigurationList section */
		2AC6C34127A33B62007652F5 /* Build configuration list for PBXProject "SampleCalculator" */ = {
			isa = XCConfigurationList;
			buildConfigurations = (
				2AC6C36E27A33B64007652F5 /* Debug */,
				2AC6C36F27A33B64007652F5 /* Release */,
			);
			defaultConfigurationIsVisible = 0;
			defaultConfigurationName = Release;
		};
		2AC6C37027A33B64007652F5 /* Build configuration list for PBXNativeTarget "SampleCalculator" */ = {
			isa = XCConfigurationList;
			buildConfigurations = (
				2AC6C37127A33B64007652F5 /* Debug */,
				2AC6C37227A33B64007652F5 /* Release */,
			);
			defaultConfigurationIsVisible = 0;
			defaultConfigurationName = Release;
		};
		2AC6C37327A33B64007652F5 /* Build configuration list for PBXNativeTarget "SampleCalculatorTests" */ = {
			isa = XCConfigurationList;
			buildConfigurations = (
				2AC6C37427A33B64007652F5 /* Debug */,
				2AC6C37527A33B64007652F5 /* Release */,
			);
			defaultConfigurationIsVisible = 0;
			defaultConfigurationName = Release;
		};
		2AC6C37627A33B64007652F5 /* Build configuration list for PBXNativeTarget "SampleCalculatorUITests" */ = {
			isa = XCConfigurationList;
			buildConfigurations = (
				2AC6C37727A33B64007652F5 /* Debug */,
				2AC6C37827A33B64007652F5 /* Release */,
			);
			defaultConfigurationIsVisible = 0;
			defaultConfigurationName = Release;
		};
/* End XCConfigurationList section */
	};
	rootObject = 2AC6C33E27A33B62007652F5 /* Project object */;
}
